
Microsoft Visual Studio Solution File, Format Version 12.00
# Visual Studio Version 17
VisualStudioVersion = 17.1.32421.90
MinimumVisualStudioVersion = 10.0.40219.1
Project("{9A19103F-16F7-4668-BE54-9A1E7A4F7556}") = "EvenOrOdd", "EvenOrOdd\EvenOrOdd.csproj", "{0132C38B-928A-4011-B8F7-46C6B39127CD}"
EndProject
Project("{9A19103F-16F7-4668-BE54-9A1E7A4F7556}") = "AbsoluteValue", "AbsoluteValue\AbsoluteValue.csproj", "{98787536-A582-4D76-8F20-05D210640D52}"
EndProject
Project("{9A19103F-16F7-4668-BE54-9A1E7A4F7556}") = "PrimeNumber", "PrimeNumber\PrimeNumber.csproj", "{7539C234-DB3B-457B-9A2A-49FB10F6C8D5}"
EndProject
Project("{9A19103F-16F7-4668-BE54-9A1E7A4F7556}") = "SumFromOnetoN", "SumFrom1toN\SumFromOnetoN.csproj", "{CAEDB5E2-9355-4698-AF48-75C549C6AD3A}"
EndProject
Project("{9A19103F-16F7-4668-BE54-9A1E7A4F7556}") = "SumEvenAndOddFromOneToN", "SumEvenAndOddFromOneToN\SumEvenAndOddFromOneToN.csproj", "{EFF648F2-DB69-4482-8527-5DE927DABCDE}"
EndProject
Project("{9A19103F-16F7-4668-BE54-9A1E7A4F7556}") = "CircumferenceCircle", "CircumferenceCircle\CircumferenceCircle.csproj", "{2FD24646-6B10-467A-AEC3-A80EF21F6D1E}"
EndProject
Project("{9A19103F-16F7-4668-BE54-9A1E7A4F7556}") = "AreaCircle", "AreaCircle\AreaCircle.csproj", "{E65536E7-6728-4985-B88B-D66117A5C420}"
EndProject
Project("{9A19103F-16F7-4668-BE54-9A1E7A4F7556}") = "ExponentCalculator", "ExponentCalculator\ExponentCalculator.csproj", "{D6A6054B-CA40-496D-A524-8B0DEC324023}"
EndProject
Project("{9A19103F-16F7-4668-BE54-9A1E7A4F7556}") = "PrimeNumbers", "PrimeNumbers\PrimeNumbers.csproj", "{D31B6776-EF79-4821-8C08-9D0C199F40AC}"
EndProject
Project("{9A19103F-16F7-4668-BE54-9A1E7A4F7556}") = "MultiplicationTable", "MultiplicationTable\MultiplicationTable.csproj", "{1ABED5CE-A6A9-49DD-AA2A-EED6B49DA0D9}"
EndProject
Project("{9A19103F-16F7-4668-BE54-9A1E7A4F7556}") = "PrimeFactor", "PrimeFactor\PrimeFactor.csproj", "{527502F1-BEAC-4E7F-9C80-A986E449F89C}"
EndProject
Project("{9A19103F-16F7-4668-BE54-9A1E7A4F7556}") = "PrimeFactors", "PrimeFactors\PrimeFactors.csproj", "{EB4D167F-2161-4EAC-B630-D8875827AD91}"
EndProject
Project("{9A19103F-16F7-4668-BE54-9A1E7A4F7556}") = "Factorial", "Factorial\Factorial.csproj", "{3FDE9C47-654F-4BDA-A8D9-65B07057FEEC}"
EndProject
Project("{9A19103F-16F7-4668-BE54-9A1E7A4F7556}") = "Factorials", "Factorials\Factorials.csproj", "{D766343C-A900-4047-813F-DBE013C3328E}"
EndProject
Project("{9A19103F-16F7-4668-BE54-9A1E7A4F7556}") = "PercentageCalculator", "PercentageCalculator\PercentageCalculator.csproj", "{AA86BB0C-4B53-4673-9684-E1F205CD354F}"
EndProject
Project("{9A19103F-16F7-4668-BE54-9A1E7A4F7556}") = "SquarePerimeterAndArea", "SquarePerimeterAndArea\SquarePerimeterAndArea.csproj", "{0D94B951-9713-4A84-A8AE-A9992BDC2008}"
EndProject
Project("{9A19103F-16F7-4668-BE54-9A1E7A4F7556}") = "PerfectNumber", "PerfectNumber\PerfectNumber.csproj", "{6C26561C-C63B-4C96-9B90-96F023797426}"
EndProject
Project("{9A19103F-16F7-4668-BE54-9A1E7A4F7556}") = "RectangleAreaAndPerimeter", "RectangleAreaAndPerimeter\RectangleAreaAndPerimeter.csproj", "{647DC6EA-AFA6-487E-B461-D6D3BCFA357E}"
EndProject
Project("{9A19103F-16F7-4668-BE54-9A1E7A4F7556}") = "Palindrome", "Palindrome\Palindrome.csproj", "{4DAD5CAB-7CE4-4502-9B78-720A2FA5B92E}"
EndProject
Project("{9A19103F-16F7-4668-BE54-9A1E7A4F7556}") = "MinAnMaxValue", "MinAnMaxValue\MinAnMaxValue.csproj", "{97302002-EB15-4E8C-BF3D-6B7FFE7BD530}"
EndProject
Project("{9A19103F-16F7-4668-BE54-9A1E7A4F7556}") = "AgeCalculation", "AgeCalculation\AgeCalculation.csproj", "{A0263971-3515-49A5-BA1D-4F932B705DAA}"
EndProject
Project("{9A19103F-16F7-4668-BE54-9A1E7A4F7556}") = "Lottery", "Lottery\Lottery.csproj", "{0CFF3B52-3750-44C7-9CA9-AA501361C5FB}"
EndProject
Project("{9A19103F-16F7-4668-BE54-9A1E7A4F7556}") = "LotteryWin", "LotteryWin\LotteryWin.csproj", "{5D1DA276-FE4B-4042-9277-2744FCDE21E8}"
EndProject
Project("{FAE04EC0-301F-11D3-BF4B-00C04F79EFBC}") = "StringMethods", "StringMethods\StringMethods.csproj", "{3960759D-EC0C-46BA-A249-6BF39DD86B0D}"
EndProject
Global
	GlobalSection(SolutionConfigurationPlatforms) = preSolution
		Debug|Any CPU = Debug|Any CPU
		Release|Any CPU = Release|Any CPU
	EndGlobalSection
	GlobalSection(ProjectConfigurationPlatforms) = postSolution
		{0132C38B-928A-4011-B8F7-46C6B39127CD}.Debug|Any CPU.ActiveCfg = Debug|Any CPU
		{0132C38B-928A-4011-B8F7-46C6B39127CD}.Debug|Any CPU.Build.0 = Debug|Any CPU
		{0132C38B-928A-4011-B8F7-46C6B39127CD}.Release|Any CPU.ActiveCfg = Release|Any CPU
		{0132C38B-928A-4011-B8F7-46C6B39127CD}.Release|Any CPU.Build.0 = Release|Any CPU
		{98787536-A582-4D76-8F20-05D210640D52}.Debug|Any CPU.ActiveCfg = Debug|Any CPU
		{98787536-A582-4D76-8F20-05D210640D52}.Debug|Any CPU.Build.0 = Debug|Any CPU
		{98787536-A582-4D76-8F20-05D210640D52}.Release|Any CPU.ActiveCfg = Release|Any CPU
		{98787536-A582-4D76-8F20-05D210640D52}.Release|Any CPU.Build.0 = Release|Any CPU
		{7539C234-DB3B-457B-9A2A-49FB10F6C8D5}.Debug|Any CPU.ActiveCfg = Debug|Any CPU
		{7539C234-DB3B-457B-9A2A-49FB10F6C8D5}.Debug|Any CPU.Build.0 = Debug|Any CPU
		{7539C234-DB3B-457B-9A2A-49FB10F6C8D5}.Release|Any CPU.ActiveCfg = Release|Any CPU
		{7539C234-DB3B-457B-9A2A-49FB10F6C8D5}.Release|Any CPU.Build.0 = Release|Any CPU
		{CAEDB5E2-9355-4698-AF48-75C549C6AD3A}.Debug|Any CPU.ActiveCfg = Debug|Any CPU
		{CAEDB5E2-9355-4698-AF48-75C549C6AD3A}.Debug|Any CPU.Build.0 = Debug|Any CPU
		{CAEDB5E2-9355-4698-AF48-75C549C6AD3A}.Release|Any CPU.ActiveCfg = Release|Any CPU
		{CAEDB5E2-9355-4698-AF48-75C549C6AD3A}.Release|Any CPU.Build.0 = Release|Any CPU
		{EFF648F2-DB69-4482-8527-5DE927DABCDE}.Debug|Any CPU.ActiveCfg = Debug|Any CPU
		{EFF648F2-DB69-4482-8527-5DE927DABCDE}.Debug|Any CPU.Build.0 = Debug|Any CPU
		{EFF648F2-DB69-4482-8527-5DE927DABCDE}.Release|Any CPU.ActiveCfg = Release|Any CPU
		{EFF648F2-DB69-4482-8527-5DE927DABCDE}.Release|Any CPU.Build.0 = Release|Any CPU
		{2FD24646-6B10-467A-AEC3-A80EF21F6D1E}.Debug|Any CPU.ActiveCfg = Debug|Any CPU
		{2FD24646-6B10-467A-AEC3-A80EF21F6D1E}.Debug|Any CPU.Build.0 = Debug|Any CPU
		{2FD24646-6B10-467A-AEC3-A80EF21F6D1E}.Release|Any CPU.ActiveCfg = Release|Any CPU
		{2FD24646-6B10-467A-AEC3-A80EF21F6D1E}.Release|Any CPU.Build.0 = Release|Any CPU
		{E65536E7-6728-4985-B88B-D66117A5C420}.Debug|Any CPU.ActiveCfg = Debug|Any CPU
		{E65536E7-6728-4985-B88B-D66117A5C420}.Debug|Any CPU.Build.0 = Debug|Any CPU
		{E65536E7-6728-4985-B88B-D66117A5C420}.Release|Any CPU.ActiveCfg = Release|Any CPU
		{E65536E7-6728-4985-B88B-D66117A5C420}.Release|Any CPU.Build.0 = Release|Any CPU
		{D6A6054B-CA40-496D-A524-8B0DEC324023}.Debug|Any CPU.ActiveCfg = Debug|Any CPU
		{D6A6054B-CA40-496D-A524-8B0DEC324023}.Debug|Any CPU.Build.0 = Debug|Any CPU
		{D6A6054B-CA40-496D-A524-8B0DEC324023}.Release|Any CPU.ActiveCfg = Release|Any CPU
		{D6A6054B-CA40-496D-A524-8B0DEC324023}.Release|Any CPU.Build.0 = Release|Any CPU
		{D31B6776-EF79-4821-8C08-9D0C199F40AC}.Debug|Any CPU.ActiveCfg = Debug|Any CPU
		{D31B6776-EF79-4821-8C08-9D0C199F40AC}.Debug|Any CPU.Build.0 = Debug|Any CPU
		{D31B6776-EF79-4821-8C08-9D0C199F40AC}.Release|Any CPU.ActiveCfg = Release|Any CPU
		{D31B6776-EF79-4821-8C08-9D0C199F40AC}.Release|Any CPU.Build.0 = Release|Any CPU
		{1ABED5CE-A6A9-49DD-AA2A-EED6B49DA0D9}.Debug|Any CPU.ActiveCfg = Debug|Any CPU
		{1ABED5CE-A6A9-49DD-AA2A-EED6B49DA0D9}.Debug|Any CPU.Build.0 = Debug|Any CPU
		{1ABED5CE-A6A9-49DD-AA2A-EED6B49DA0D9}.Release|Any CPU.ActiveCfg = Release|Any CPU
		{1ABED5CE-A6A9-49DD-AA2A-EED6B49DA0D9}.Release|Any CPU.Build.0 = Release|Any CPU
		{527502F1-BEAC-4E7F-9C80-A986E449F89C}.Debug|Any CPU.ActiveCfg = Debug|Any CPU
		{527502F1-BEAC-4E7F-9C80-A986E449F89C}.Debug|Any CPU.Build.0 = Debug|Any CPU
		{527502F1-BEAC-4E7F-9C80-A986E449F89C}.Release|Any CPU.ActiveCfg = Release|Any CPU
		{527502F1-BEAC-4E7F-9C80-A986E449F89C}.Release|Any CPU.Build.0 = Release|Any CPU
		{EB4D167F-2161-4EAC-B630-D8875827AD91}.Debug|Any CPU.ActiveCfg = Debug|Any CPU
		{EB4D167F-2161-4EAC-B630-D8875827AD91}.Debug|Any CPU.Build.0 = Debug|Any CPU
		{EB4D167F-2161-4EAC-B630-D8875827AD91}.Release|Any CPU.ActiveCfg = Release|Any CPU
		{EB4D167F-2161-4EAC-B630-D8875827AD91}.Release|Any CPU.Build.0 = Release|Any CPU
		{3FDE9C47-654F-4BDA-A8D9-65B07057FEEC}.Debug|Any CPU.ActiveCfg = Debug|Any CPU
		{3FDE9C47-654F-4BDA-A8D9-65B07057FEEC}.Debug|Any CPU.Build.0 = Debug|Any CPU
		{3FDE9C47-654F-4BDA-A8D9-65B07057FEEC}.Release|Any CPU.ActiveCfg = Release|Any CPU
		{3FDE9C47-654F-4BDA-A8D9-65B07057FEEC}.Release|Any CPU.Build.0 = Release|Any CPU
		{D766343C-A900-4047-813F-DBE013C3328E}.Debug|Any CPU.ActiveCfg = Debug|Any CPU
		{D766343C-A900-4047-813F-DBE013C3328E}.Debug|Any CPU.Build.0 = Debug|Any CPU
		{D766343C-A900-4047-813F-DBE013C3328E}.Release|Any CPU.ActiveCfg = Release|Any CPU
		{D766343C-A900-4047-813F-DBE013C3328E}.Release|Any CPU.Build.0 = Release|Any CPU
		{AA86BB0C-4B53-4673-9684-E1F205CD354F}.Debug|Any CPU.ActiveCfg = Debug|Any CPU
		{AA86BB0C-4B53-4673-9684-E1F205CD354F}.Debug|Any CPU.Build.0 = Debug|Any CPU
		{AA86BB0C-4B53-4673-9684-E1F205CD354F}.Release|Any CPU.ActiveCfg = Release|Any CPU
		{AA86BB0C-4B53-4673-9684-E1F205CD354F}.Release|Any CPU.Build.0 = Release|Any CPU
		{0D94B951-9713-4A84-A8AE-A9992BDC2008}.Debug|Any CPU.ActiveCfg = Debug|Any CPU
		{0D94B951-9713-4A84-A8AE-A9992BDC2008}.Debug|Any CPU.Build.0 = Debug|Any CPU
		{0D94B951-9713-4A84-A8AE-A9992BDC2008}.Release|Any CPU.ActiveCfg = Release|Any CPU
		{0D94B951-9713-4A84-A8AE-A9992BDC2008}.Release|Any CPU.Build.0 = Release|Any CPU
		{6C26561C-C63B-4C96-9B90-96F023797426}.Debug|Any CPU.ActiveCfg = Debug|Any CPU
		{6C26561C-C63B-4C96-9B90-96F023797426}.Debug|Any CPU.Build.0 = Debug|Any CPU
		{6C26561C-C63B-4C96-9B90-96F023797426}.Release|Any CPU.ActiveCfg = Release|Any CPU
		{6C26561C-C63B-4C96-9B90-96F023797426}.Release|Any CPU.Build.0 = Release|Any CPU
		{647DC6EA-AFA6-487E-B461-D6D3BCFA357E}.Debug|Any CPU.ActiveCfg = Debug|Any CPU
		{647DC6EA-AFA6-487E-B461-D6D3BCFA357E}.Debug|Any CPU.Build.0 = Debug|Any CPU
		{647DC6EA-AFA6-487E-B461-D6D3BCFA357E}.Release|Any CPU.ActiveCfg = Release|Any CPU
		{647DC6EA-AFA6-487E-B461-D6D3BCFA357E}.Release|Any CPU.Build.0 = Release|Any CPU
		{4DAD5CAB-7CE4-4502-9B78-720A2FA5B92E}.Debug|Any CPU.ActiveCfg = Debug|Any CPU
		{4DAD5CAB-7CE4-4502-9B78-720A2FA5B92E}.Debug|Any CPU.Build.0 = Debug|Any CPU
		{4DAD5CAB-7CE4-4502-9B78-720A2FA5B92E}.Release|Any CPU.ActiveCfg = Release|Any CPU
		{4DAD5CAB-7CE4-4502-9B78-720A2FA5B92E}.Release|Any CPU.Build.0 = Release|Any CPU
		{97302002-EB15-4E8C-BF3D-6B7FFE7BD530}.Debug|Any CPU.ActiveCfg = Debug|Any CPU
		{97302002-EB15-4E8C-BF3D-6B7FFE7BD530}.Debug|Any CPU.Build.0 = Debug|Any CPU
		{97302002-EB15-4E8C-BF3D-6B7FFE7BD530}.Release|Any CPU.ActiveCfg = Release|Any CPU
		{97302002-EB15-4E8C-BF3D-6B7FFE7BD530}.Release|Any CPU.Build.0 = Release|Any CPU
		{A0263971-3515-49A5-BA1D-4F932B705DAA}.Debug|Any CPU.ActiveCfg = Debug|Any CPU
		{A0263971-3515-49A5-BA1D-4F932B705DAA}.Debug|Any CPU.Build.0 = Debug|Any CPU
		{A0263971-3515-49A5-BA1D-4F932B705DAA}.Release|Any CPU.ActiveCfg = Release|Any CPU
		{A0263971-3515-49A5-BA1D-4F932B705DAA}.Release|Any CPU.Build.0 = Release|Any CPU
		{0CFF3B52-3750-44C7-9CA9-AA501361C5FB}.Debug|Any CPU.ActiveCfg = Debug|Any CPU
		{0CFF3B52-3750-44C7-9CA9-AA501361C5FB}.Debug|Any CPU.Build.0 = Debug|Any CPU
		{0CFF3B52-3750-44C7-9CA9-AA501361C5FB}.Release|Any CPU.ActiveCfg = Release|Any CPU
		{0CFF3B52-3750-44C7-9CA9-AA501361C5FB}.Release|Any CPU.Build.0 = Release|Any CPU
		{5D1DA276-FE4B-4042-9277-2744FCDE21E8}.Debug|Any CPU.ActiveCfg = Debug|Any CPU
		{5D1DA276-FE4B-4042-9277-2744FCDE21E8}.Debug|Any CPU.Build.0 = Debug|Any CPU
		{5D1DA276-FE4B-4042-9277-2744FCDE21E8}.Release|Any CPU.ActiveCfg = Release|Any CPU
		{5D1DA276-FE4B-4042-9277-2744FCDE21E8}.Release|Any CPU.Build.0 = Release|Any CPU
		{3960759D-EC0C-46BA-A249-6BF39DD86B0D}.Debug|Any CPU.ActiveCfg = Debug|Any CPU
		{3960759D-EC0C-46BA-A249-6BF39DD86B0D}.Debug|Any CPU.Build.0 = Debug|Any CPU
		{3960759D-EC0C-46BA-A249-6BF39DD86B0D}.Release|Any CPU.ActiveCfg = Release|Any CPU
		{3960759D-EC0C-46BA-A249-6BF39DD86B0D}.Release|Any CPU.Build.0 = Release|Any CPU
	EndGlobalSection
	GlobalSection(SolutionProperties) = preSolution
		HideSolutionNode = FALSE
	EndGlobalSection
	GlobalSection(ExtensibilityGlobals) = postSolution
		SolutionGuid = {2B10576A-67E8-4BC9-BB62-22E4FDE007A9}
	EndGlobalSection
EndGlobal
